
Microsoft Visual Studio Solution File, Format Version 12.00
# Visual Studio Version 16
VisualStudioVersion = 16.0.30907.101
MinimumVisualStudioVersion = 10.0.40219.1
Project("{9A19103F-16F7-4668-BE54-9A1E7A4F7556}") = "Server", "Server\Server.csproj", "{D6FF72B7-1D31-40FD-A641-41B97904902B}"
EndProject
Project("{9A19103F-16F7-4668-BE54-9A1E7A4F7556}") = "ServerCore", "ServerCore\ServerCore.csproj", "{0287C455-D605-482D-AF17-D32DB62F8E29}"
EndProject
Project("{9A19103F-16F7-4668-BE54-9A1E7A4F7556}") = "DummyClient", "DummyClient\DummyClient.csproj", "{082ED7E5-7AE7-4F40-AFBD-C2AA64D56500}"
EndProject
Project("{2150E333-8FDC-42A3-9474-1A3956D46DE8}") = "Tool", "Tool", "{043418B3-ECD9-4C54-A114-D84B9CAC847D}"
EndProject
Project("{FAE04EC0-301F-11D3-BF4B-00C04F79EFBC}") = "PacketGenerator", "PacketGenerator\PacketGenerator.csproj", "{4448FECE-132E-4702-B5EA-1C2060907534}"
EndProject
Global
	GlobalSection(SolutionConfigurationPlatforms) = preSolution
		Debug|Any CPU = Debug|Any CPU
		Debug|x64 = Debug|x64
		Debug|x86 = Debug|x86
		Release|Any CPU = Release|Any CPU
		Release|x64 = Release|x64
		Release|x86 = Release|x86
	EndGlobalSection
	GlobalSection(ProjectConfigurationPlatforms) = postSolution
		{D6FF72B7-1D31-40FD-A641-41B97904902B}.Debug|Any CPU.ActiveCfg = Debug|Any CPU
		{D6FF72B7-1D31-40FD-A641-41B97904902B}.Debug|Any CPU.Build.0 = Debug|Any CPU
		{D6FF72B7-1D31-40FD-A641-41B97904902B}.Debug|x64.ActiveCfg = Debug|Any CPU
		{D6FF72B7-1D31-40FD-A641-41B97904902B}.Debug|x64.Build.0 = Debug|Any CPU
		{D6FF72B7-1D31-40FD-A641-41B97904902B}.Debug|x86.ActiveCfg = Debug|Any CPU
		{D6FF72B7-1D31-40FD-A641-41B97904902B}.Debug|x86.Build.0 = Debug|Any CPU
		{D6FF72B7-1D31-40FD-A641-41B97904902B}.Release|Any CPU.ActiveCfg = Release|Any CPU
		{D6FF72B7-1D31-40FD-A641-41B97904902B}.Release|Any CPU.Build.0 = Release|Any CPU
		{D6FF72B7-1D31-40FD-A641-41B97904902B}.Release|x64.ActiveCfg = Release|Any CPU
		{D6FF72B7-1D31-40FD-A641-41B97904902B}.Release|x64.Build.0 = Release|Any CPU
		{D6FF72B7-1D31-40FD-A641-41B97904902B}.Release|x86.ActiveCfg = Release|Any CPU
		{D6FF72B7-1D31-40FD-A641-41B97904902B}.Release|x86.Build.0 = Release|Any CPU
		{0287C455-D605-482D-AF17-D32DB62F8E29}.Debug|Any CPU.ActiveCfg = Debug|Any CPU
		{0287C455-D605-482D-AF17-D32DB62F8E29}.Debug|Any CPU.Build.0 = Debug|Any CPU
		{0287C455-D605-482D-AF17-D32DB62F8E29}.Debug|x64.ActiveCfg = Debug|Any CPU
		{0287C455-D605-482D-AF17-D32DB62F8E29}.Debug|x64.Build.0 = Debug|Any CPU
		{0287C455-D605-482D-AF17-D32DB62F8E29}.Debug|x86.ActiveCfg = Debug|Any CPU
		{0287C455-D605-482D-AF17-D32DB62F8E29}.Debug|x86.Build.0 = Debug|Any CPU
		{0287C455-D605-482D-AF17-D32DB62F8E29}.Release|Any CPU.ActiveCfg = Release|Any CPU
		{0287C455-D605-482D-AF17-D32DB62F8E29}.Release|Any CPU.Build.0 = Release|Any CPU
		{0287C455-D605-482D-AF17-D32DB62F8E29}.Release|x64.ActiveCfg = Release|Any CPU
		{0287C455-D605-482D-AF17-D32DB62F8E29}.Release|x64.Build.0 = Release|Any CPU
		{0287C455-D605-482D-AF17-D32DB62F8E29}.Release|x86.ActiveCfg = Release|Any CPU
		{0287C455-D605-482D-AF17-D32DB62F8E29}.Release|x86.Build.0 = Release|Any CPU
		{082ED7E5-7AE7-4F40-AFBD-C2AA64D56500}.Debug|Any CPU.ActiveCfg = Debug|Any CPU
		{082ED7E5-7AE7-4F40-AFBD-C2AA64D56500}.Debug|Any CPU.Build.0 = Debug|Any CPU
		{082ED7E5-7AE7-4F40-AFBD-C2AA64D56500}.Debug|x64.ActiveCfg = Debug|Any CPU
		{082ED7E5-7AE7-4F40-AFBD-C2AA64D56500}.Debug|x64.Build.0 = Debug|Any CPU
		{082ED7E5-7AE7-4F40-AFBD-C2AA64D56500}.Debug|x86.ActiveCfg = Debug|Any CPU
		{082ED7E5-7AE7-4F40-AFBD-C2AA64D56500}.Debug|x86.Build.0 = Debug|Any CPU
		{082ED7E5-7AE7-4F40-AFBD-C2AA64D56500}.Release|Any CPU.ActiveCfg = Release|Any CPU
		{082ED7E5-7AE7-4F40-AFBD-C2AA64D56500}.Release|Any CPU.Build.0 = Release|Any CPU
		{082ED7E5-7AE7-4F40-AFBD-C2AA64D56500}.Release|x64.ActiveCfg = Release|Any CPU
		{082ED7E5-7AE7-4F40-AFBD-C2AA64D56500}.Release|x64.Build.0 = Release|Any CPU
		{082ED7E5-7AE7-4F40-AFBD-C2AA64D56500}.Release|x86.ActiveCfg = Release|Any CPU
		{082ED7E5-7AE7-4F40-AFBD-C2AA64D56500}.Release|x86.Build.0 = Release|Any CPU
		{4448FECE-132E-4702-B5EA-1C2060907534}.Debug|Any CPU.ActiveCfg = Debug|Any CPU
		{4448FECE-132E-4702-B5EA-1C2060907534}.Debug|Any CPU.Build.0 = Debug|Any CPU
		{4448FECE-132E-4702-B5EA-1C2060907534}.Debug|x64.ActiveCfg = Debug|Any CPU
		{4448FECE-132E-4702-B5EA-1C2060907534}.Debug|x64.Build.0 = Debug|Any CPU
		{4448FECE-132E-4702-B5EA-1C2060907534}.Debug|x86.ActiveCfg = Debug|Any CPU
		{4448FECE-132E-4702-B5EA-1C2060907534}.Debug|x86.Build.0 = Debug|Any CPU
		{4448FECE-132E-4702-B5EA-1C2060907534}.Release|Any CPU.ActiveCfg = Release|Any CPU
		{4448FECE-132E-4702-B5EA-1C2060907534}.Release|Any CPU.Build.0 = Release|Any CPU
		{4448FECE-132E-4702-B5EA-1C2060907534}.Release|x64.ActiveCfg = Release|Any CPU
		{4448FECE-132E-4702-B5EA-1C2060907534}.Release|x64.Build.0 = Release|Any CPU
		{4448FECE-132E-4702-B5EA-1C2060907534}.Release|x86.ActiveCfg = Release|Any CPU
		{4448FECE-132E-4702-B5EA-1C2060907534}.Release|x86.Build.0 = Release|Any CPU
	EndGlobalSection
	GlobalSection(SolutionProperties) = preSolution
		HideSolutionNode = FALSE
	EndGlobalSection
	GlobalSection(NestedProjects) = preSolution
		{4448FECE-132E-4702-B5EA-1C2060907534} = {043418B3-ECD9-4C54-A114-D84B9CAC847D}
	EndGlobalSection
	GlobalSection(ExtensibilityGlobals) = postSolution
		SolutionGuid = {88D1FE4C-A03D-4E82-99E2-11E15F35EFB9}
	EndGlobalSection
EndGlobal
